
Microsoft Visual Studio Solution File, Format Version 12.00
# Visual Studio 15
Project("{D954291E-2A0B-460D-934E-DC6B0785DB48}") = "Apprication-common", "Apprication-common\Apprication-common.shproj", "{09DB951A-CC9C-41A6-BA8A-F670024AE48C}"
EndProject
Project("{2150E333-8FDC-42A3-9474-1A3956D46DE8}") = "Solution Items", "Solution Items", "{CD6CA9CE-3973-4BE2-BAE4-D3D149593C04}"
	ProjectSection(SolutionItems) = preProject
		EmptyHtmlFile.html = EmptyHtmlFile.html
	EndProjectSection
EndProject
Global
	GlobalSection(SolutionConfigurationPlatforms) = preSolution
	EndGlobalSection
	GlobalSection(ProjectConfigurationPlatforms) = postSolution
	EndGlobalSection
EndGlobal
